
Microsoft Visual Studio Solution File, Format Version 12.00
# Visual Studio Version 16
VisualStudioVersion = 16.0.31727.386
MinimumVisualStudioVersion = 10.0.40219.1
Project("{FAE04EC0-301F-11D3-BF4B-00C04F79EFBC}") = "Đồ án 1", "Đồ án 1\Đồ án 1.csproj", "{C90F8B49-9D92-45AE-A473-20DB3D195B0D}"
EndProject
Global
	GlobalSection(SolutionConfigurationPlatforms) = preSolution
		Debug|Any CPU = Debug|Any CPU
		Release|Any CPU = Release|Any CPU
	EndGlobalSection
	GlobalSection(ProjectConfigurationPlatforms) = postSolution
		{C90F8B49-9D92-45AE-A473-20DB3D195B0D}.Debug|Any CPU.ActiveCfg = Debug|Any CPU
		{C90F8B49-9D92-45AE-A473-20DB3D195B0D}.Debug|Any CPU.Build.0 = Debug|Any CPU
		{C90F8B49-9D92-45AE-A473-20DB3D195B0D}.Release|Any CPU.ActiveCfg = Release|Any CPU
		{C90F8B49-9D92-45AE-A473-20DB3D195B0D}.Release|Any CPU.Build.0 = Release|Any CPU
	EndGlobalSection
	GlobalSection(SolutionProperties) = preSolution
		HideSolutionNode = FALSE
	EndGlobalSection
	GlobalSection(ExtensibilityGlobals) = postSolution
		SolutionGuid = {085E6D77-C124-4E4C-9996-C1B6F645BCFE}
	EndGlobalSection
EndGlobal
