
Microsoft Visual Studio Solution File, Format Version 12.00
# Visual Studio Version 16
VisualStudioVersion = 16.0.31702.278
MinimumVisualStudioVersion = 10.0.40219.1
Project("{FAE04EC0-301F-11D3-BF4B-00C04F79EFBC}") = "ChoosingMajor", "ChoosingMajor.csproj", "{561BDB0C-EB7A-4147-A529-5BBAC27EEF00}"
EndProject
Global
	GlobalSection(SolutionConfigurationPlatforms) = preSolution
		Debug|Any CPU = Debug|Any CPU
		Release|Any CPU = Release|Any CPU
	EndGlobalSection
	GlobalSection(ProjectConfigurationPlatforms) = postSolution
		{561BDB0C-EB7A-4147-A529-5BBAC27EEF00}.Debug|Any CPU.ActiveCfg = Debug|Any CPU
		{561BDB0C-EB7A-4147-A529-5BBAC27EEF00}.Debug|Any CPU.Build.0 = Debug|Any CPU
		{561BDB0C-EB7A-4147-A529-5BBAC27EEF00}.Release|Any CPU.ActiveCfg = Release|Any CPU
		{561BDB0C-EB7A-4147-A529-5BBAC27EEF00}.Release|Any CPU.Build.0 = Release|Any CPU
	EndGlobalSection
	GlobalSection(SolutionProperties) = preSolution
		HideSolutionNode = FALSE
	EndGlobalSection
	GlobalSection(ExtensibilityGlobals) = postSolution
		SolutionGuid = {D71CA934-4829-4017-82EF-E23E692D96B7}
	EndGlobalSection
EndGlobal
