
Microsoft Visual Studio Solution File, Format Version 12.00
# Visual Studio Version 16
VisualStudioVersion = 16.0.31702.278
MinimumVisualStudioVersion = 10.0.40219.1
Project("{FAE04EC0-301F-11D3-BF4B-00C04F79EFBC}") = "JobSearch", "WinFormsApp1\JobSearch.csproj", "{74818002-377A-495B-B528-26DE52487511}"
EndProject
Global
	GlobalSection(SolutionConfigurationPlatforms) = preSolution
		Debug|Any CPU = Debug|Any CPU
		Release|Any CPU = Release|Any CPU
	EndGlobalSection
	GlobalSection(ProjectConfigurationPlatforms) = postSolution
		{74818002-377A-495B-B528-26DE52487511}.Debug|Any CPU.ActiveCfg = Debug|Any CPU
		{74818002-377A-495B-B528-26DE52487511}.Debug|Any CPU.Build.0 = Debug|Any CPU
		{74818002-377A-495B-B528-26DE52487511}.Release|Any CPU.ActiveCfg = Release|Any CPU
		{74818002-377A-495B-B528-26DE52487511}.Release|Any CPU.Build.0 = Release|Any CPU
	EndGlobalSection
	GlobalSection(SolutionProperties) = preSolution
		HideSolutionNode = FALSE
	EndGlobalSection
	GlobalSection(ExtensibilityGlobals) = postSolution
		SolutionGuid = {C2957FBB-3280-4318-9D39-9BED6E4C7A0F}
	EndGlobalSection
EndGlobal
