
Microsoft Visual Studio Solution File, Format Version 12.00
# Visual Studio Version 16
VisualStudioVersion = 16.0.31424.327
MinimumVisualStudioVersion = 10.0.40219.1
Project("{FAE04EC0-301F-11D3-BF4B-00C04F79EFBC}") = "WindowsFormsApp1", "WindowsFormsApp1\WindowsFormsApp1.csproj", "{7A6A4F30-BFE3-432A-AB58-C8327A232D9D}"
EndProject
Global
	GlobalSection(SolutionConfigurationPlatforms) = preSolution
		Debug|Any CPU = Debug|Any CPU
		Release|Any CPU = Release|Any CPU
	EndGlobalSection
	GlobalSection(ProjectConfigurationPlatforms) = postSolution
		{7A6A4F30-BFE3-432A-AB58-C8327A232D9D}.Debug|Any CPU.ActiveCfg = Debug|Any CPU
		{7A6A4F30-BFE3-432A-AB58-C8327A232D9D}.Debug|Any CPU.Build.0 = Debug|Any CPU
		{7A6A4F30-BFE3-432A-AB58-C8327A232D9D}.Release|Any CPU.ActiveCfg = Release|Any CPU
		{7A6A4F30-BFE3-432A-AB58-C8327A232D9D}.Release|Any CPU.Build.0 = Release|Any CPU
	EndGlobalSection
	GlobalSection(SolutionProperties) = preSolution
		HideSolutionNode = FALSE
	EndGlobalSection
	GlobalSection(ExtensibilityGlobals) = postSolution
		SolutionGuid = {10F57741-8DC7-49CF-948D-7E194EF85BDB}
	EndGlobalSection
EndGlobal
